
Microsoft Visual Studio Solution File, Format Version 12.00
# Visual Studio Version 17
VisualStudioVersion = 17.6.33815.320
MinimumVisualStudioVersion = 10.0.40219.1
Project("{FAE04EC0-301F-11D3-BF4B-00C04F79EFBC}") = "animacija", "animacija\animacija.csproj", "{AA8762BB-8862-4E87-A76E-AF6A90F68CB4}"
EndProject
Global
	GlobalSection(SolutionConfigurationPlatforms) = preSolution
		Debug|Any CPU = Debug|Any CPU
		Release|Any CPU = Release|Any CPU
	EndGlobalSection
	GlobalSection(ProjectConfigurationPlatforms) = postSolution
		{AA8762BB-8862-4E87-A76E-AF6A90F68CB4}.Debug|Any CPU.ActiveCfg = Debug|Any CPU
		{AA8762BB-8862-4E87-A76E-AF6A90F68CB4}.Debug|Any CPU.Build.0 = Debug|Any CPU
		{AA8762BB-8862-4E87-A76E-AF6A90F68CB4}.Release|Any CPU.ActiveCfg = Release|Any CPU
		{AA8762BB-8862-4E87-A76E-AF6A90F68CB4}.Release|Any CPU.Build.0 = Release|Any CPU
	EndGlobalSection
	GlobalSection(SolutionProperties) = preSolution
		HideSolutionNode = FALSE
	EndGlobalSection
	GlobalSection(ExtensibilityGlobals) = postSolution
		SolutionGuid = {F94D1830-DD7B-4E6C-9CB5-3223683CDDCC}
	EndGlobalSection
EndGlobal
